
Microsoft Visual Studio Solution File, Format Version 12.00
# Visual Studio Version 17
VisualStudioVersion = 17.14.36310.24
MinimumVisualStudioVersion = 10.0.40219.1
Project("{FAE04EC0-301F-11D3-BF4B-00C04F79EFBC}") = "ProjectHub", "ProjectHub\ProjectHub.csproj", "{AB4E315C-6B5A-4549-BB8F-14FF428B2B30}"
EndProject
Project("{FAE04EC0-301F-11D3-BF4B-00C04F79EFBC}") = "Data", "Data\Data.csproj", "{DDF819C0-0F30-4E7F-80E5-631ADAD4DC72}"
EndProject
Project("{FAE04EC0-301F-11D3-BF4B-00C04F79EFBC}") = "Services", "Services\Services.csproj", "{F61E17D3-927E-493C-9D72-0EB7BD06C45C}"
EndProject
Global
	GlobalSection(SolutionConfigurationPlatforms) = preSolution
		Debug|Any CPU = Debug|Any CPU
		Release|Any CPU = Release|Any CPU
	EndGlobalSection
	GlobalSection(ProjectConfigurationPlatforms) = postSolution
		{AB4E315C-6B5A-4549-BB8F-14FF428B2B30}.Debug|Any CPU.ActiveCfg = Debug|Any CPU
		{AB4E315C-6B5A-4549-BB8F-14FF428B2B30}.Debug|Any CPU.Build.0 = Debug|Any CPU
		{AB4E315C-6B5A-4549-BB8F-14FF428B2B30}.Release|Any CPU.ActiveCfg = Release|Any CPU
		{AB4E315C-6B5A-4549-BB8F-14FF428B2B30}.Release|Any CPU.Build.0 = Release|Any CPU
		{DDF819C0-0F30-4E7F-80E5-631ADAD4DC72}.Debug|Any CPU.ActiveCfg = Debug|Any CPU
		{DDF819C0-0F30-4E7F-80E5-631ADAD4DC72}.Debug|Any CPU.Build.0 = Debug|Any CPU
		{DDF819C0-0F30-4E7F-80E5-631ADAD4DC72}.Release|Any CPU.ActiveCfg = Release|Any CPU
		{DDF819C0-0F30-4E7F-80E5-631ADAD4DC72}.Release|Any CPU.Build.0 = Release|Any CPU
		{F61E17D3-927E-493C-9D72-0EB7BD06C45C}.Debug|Any CPU.ActiveCfg = Debug|Any CPU
		{F61E17D3-927E-493C-9D72-0EB7BD06C45C}.Debug|Any CPU.Build.0 = Debug|Any CPU
		{F61E17D3-927E-493C-9D72-0EB7BD06C45C}.Release|Any CPU.ActiveCfg = Release|Any CPU
		{F61E17D3-927E-493C-9D72-0EB7BD06C45C}.Release|Any CPU.Build.0 = Release|Any CPU
	EndGlobalSection
	GlobalSection(SolutionProperties) = preSolution
		HideSolutionNode = FALSE
	EndGlobalSection
	GlobalSection(ExtensibilityGlobals) = postSolution
		SolutionGuid = {E79CCE70-5016-45B9-A5D5-21A045F1D0ED}
	EndGlobalSection
EndGlobal
